
Microsoft Visual Studio Solution File, Format Version 12.00
# Visual Studio Version 17
VisualStudioVersion = 17.0.32112.339
MinimumVisualStudioVersion = 10.0.40219.1
Project("{FAE04EC0-301F-11D3-BF4B-00C04F79EFBC}") = "SchedulerWebApi", "SchedulerWebApi\SchedulerWebApi.csproj", "{EE075B1A-C023-484B-90CE-9D3FA614C361}"
EndProject
Global
	GlobalSection(SolutionConfigurationPlatforms) = preSolution
		Debug|Any CPU = Debug|Any CPU
		Release|Any CPU = Release|Any CPU
	EndGlobalSection
	GlobalSection(ProjectConfigurationPlatforms) = postSolution
		{EE075B1A-C023-484B-90CE-9D3FA614C361}.Debug|Any CPU.ActiveCfg = Debug|Any CPU
		{EE075B1A-C023-484B-90CE-9D3FA614C361}.Debug|Any CPU.Build.0 = Debug|Any CPU
		{EE075B1A-C023-484B-90CE-9D3FA614C361}.Release|Any CPU.ActiveCfg = Release|Any CPU
		{EE075B1A-C023-484B-90CE-9D3FA614C361}.Release|Any CPU.Build.0 = Release|Any CPU
	EndGlobalSection
	GlobalSection(SolutionProperties) = preSolution
		HideSolutionNode = FALSE
	EndGlobalSection
	GlobalSection(ExtensibilityGlobals) = postSolution
		SolutionGuid = {FEF05D70-26D6-4C66-BCD5-929CD931A766}
	EndGlobalSection
EndGlobal
